
Microsoft Visual Studio Solution File, Format Version 12.00
# Visual Studio Version 16
VisualStudioVersion = 16.0.30517.126
MinimumVisualStudioVersion = 10.0.40219.1
Project("{FAE04EC0-301F-11D3-BF4B-00C04F79EFBC}") = "WpfApp_TicTacToe", "WpfApp_TicTacToe\WpfApp_TicTacToe.csproj", "{E16DC65F-4D14-47A6-8AB4-B9A94282B4C3}"
EndProject
Project("{FAE04EC0-301F-11D3-BF4B-00C04F79EFBC}") = "WpfApp_BarleyBreak", "WpfApp_BarleyBreak\WpfApp_BarleyBreak.csproj", "{C619D75B-2D9F-404D-A382-4C680DEF2C65}"
EndProject
Project("{FAE04EC0-301F-11D3-BF4B-00C04F79EFBC}") = "WpfApp_Minor", "WpfApp_Minor\WpfApp_Minor.csproj", "{1B18109C-FF4C-4880-9168-C744D5842D9E}"
EndProject
Project("{FAE04EC0-301F-11D3-BF4B-00C04F79EFBC}") = "WpfApp_Puzzle", "WpfApp_Puzzle\WpfApp_Puzzle.csproj", "{96CCC93C-D3D3-4827-98B7-E8E2B8CB899B}"
EndProject
Global
	GlobalSection(SolutionConfigurationPlatforms) = preSolution
		Debug|Any CPU = Debug|Any CPU
		Release|Any CPU = Release|Any CPU
	EndGlobalSection
	GlobalSection(ProjectConfigurationPlatforms) = postSolution
		{E16DC65F-4D14-47A6-8AB4-B9A94282B4C3}.Debug|Any CPU.ActiveCfg = Debug|Any CPU
		{E16DC65F-4D14-47A6-8AB4-B9A94282B4C3}.Debug|Any CPU.Build.0 = Debug|Any CPU
		{E16DC65F-4D14-47A6-8AB4-B9A94282B4C3}.Release|Any CPU.ActiveCfg = Release|Any CPU
		{E16DC65F-4D14-47A6-8AB4-B9A94282B4C3}.Release|Any CPU.Build.0 = Release|Any CPU
		{C619D75B-2D9F-404D-A382-4C680DEF2C65}.Debug|Any CPU.ActiveCfg = Debug|Any CPU
		{C619D75B-2D9F-404D-A382-4C680DEF2C65}.Debug|Any CPU.Build.0 = Debug|Any CPU
		{C619D75B-2D9F-404D-A382-4C680DEF2C65}.Release|Any CPU.ActiveCfg = Release|Any CPU
		{C619D75B-2D9F-404D-A382-4C680DEF2C65}.Release|Any CPU.Build.0 = Release|Any CPU
		{1B18109C-FF4C-4880-9168-C744D5842D9E}.Debug|Any CPU.ActiveCfg = Debug|Any CPU
		{1B18109C-FF4C-4880-9168-C744D5842D9E}.Debug|Any CPU.Build.0 = Debug|Any CPU
		{1B18109C-FF4C-4880-9168-C744D5842D9E}.Release|Any CPU.ActiveCfg = Release|Any CPU
		{1B18109C-FF4C-4880-9168-C744D5842D9E}.Release|Any CPU.Build.0 = Release|Any CPU
		{96CCC93C-D3D3-4827-98B7-E8E2B8CB899B}.Debug|Any CPU.ActiveCfg = Debug|Any CPU
		{96CCC93C-D3D3-4827-98B7-E8E2B8CB899B}.Debug|Any CPU.Build.0 = Debug|Any CPU
		{96CCC93C-D3D3-4827-98B7-E8E2B8CB899B}.Release|Any CPU.ActiveCfg = Release|Any CPU
		{96CCC93C-D3D3-4827-98B7-E8E2B8CB899B}.Release|Any CPU.Build.0 = Release|Any CPU
	EndGlobalSection
	GlobalSection(SolutionProperties) = preSolution
		HideSolutionNode = FALSE
	EndGlobalSection
	GlobalSection(ExtensibilityGlobals) = postSolution
		SolutionGuid = {A920AB9E-213C-4E03-9835-7A969C4CD617}
	EndGlobalSection
EndGlobal
